{
  "version": 4,
  "terraform_version": "1.2.6",
  "serial": 3,
  "lineage": "a5b5e6a0-1348-49d4-c249-86bd2a56b535",
  "outputs": {
    "network_details": {
      "value": {
        "backend": "s3",
        "config": {
          "bucket": "bazcorp-bucket1",
          "key": "dev/network/terraform.tfstate",
          "region": "eu-north-1"
        },
        "defaults": null,
        "outputs": {
          "vpc_cidr": "10.0.0.0/16",
          "vpc_id": "vpc-02efd13011957cc31"
        },
        "workspace": null
      },
      "type": [
        "object",
        {
          "backend": "string",
          "config": [
            "object",
            {
              "bucket": "string",
              "key": "string",
              "region": "string"
            }
          ],
          "defaults": "dynamic",
          "outputs": [
            "object",
            {
              "vpc_cidr": "string",
              "vpc_id": "string"
            }
          ],
          "workspace": "string"
        }
      ]
    }
  },
  "resources": [
    {
      "mode": "data",
      "type": "terraform_remote_state",
      "name": "network",
      "provider": "provider[\"terraform.io/builtin/terraform\"]",
      "instances": [
        {
          "schema_version": 0,
          "attributes": {
            "backend": "s3",
            "config": {
              "value": {
                "bucket": "bazcorp-bucket1",
                "key": "dev/network/terraform.tfstate",
                "region": "eu-north-1"
              },
              "type": [
                "object",
                {
                  "bucket": "string",
                  "key": "string",
                  "region": "string"
                }
              ]
            },
            "defaults": null,
            "outputs": {
              "value": {
                "vpc_cidr": "10.0.0.0/16",
                "vpc_id": "vpc-02efd13011957cc31"
              },
              "type": [
                "object",
                {
                  "vpc_cidr": "string",
                  "vpc_id": "string"
                }
              ]
            },
            "workspace": null
          },
          "sensitive_attributes": []
        }
      ]
    },
    {
      "mode": "managed",
      "type": "aws_security_group",
      "name": "my_webserver",
      "provider": "provider[\"registry.terraform.io/hashicorp/aws\"]",
      "instances": [
        {
          "schema_version": 1,
          "attributes": {
            "arn": "arn:aws:ec2:eu-north-1:562464429819:security-group/sg-067c2539ef458c748",
            "description": "sec_group1",
            "egress": [
              {
                "cidr_blocks": [
                  "0.0.0.0/0"
                ],
                "description": "",
                "from_port": 0,
                "ipv6_cidr_blocks": [],
                "prefix_list_ids": [],
                "protocol": "-1",
                "security_groups": [],
                "self": false,
                "to_port": 0
              }
            ],
            "id": "sg-067c2539ef458c748",
            "ingress": [
              {
                "cidr_blocks": [
                  "0.0.0.0/0"
                ],
                "description": "",
                "from_port": 443,
                "ipv6_cidr_blocks": [],
                "prefix_list_ids": [],
                "protocol": "tcp",
                "security_groups": [],
                "self": false,
                "to_port": 443
              },
              {
                "cidr_blocks": [
                  "0.0.0.0/0"
                ],
                "description": "",
                "from_port": 80,
                "ipv6_cidr_blocks": [],
                "prefix_list_ids": [],
                "protocol": "tcp",
                "security_groups": [],
                "self": false,
                "to_port": 80
              },
              {
                "cidr_blocks": [
                  "10.0.0.0/16"
                ],
                "description": "",
                "from_port": 22,
                "ipv6_cidr_blocks": [],
                "prefix_list_ids": [],
                "protocol": "tcp",
                "security_groups": [],
                "self": false,
                "to_port": 22
              }
            ],
            "name": "webserver security group",
            "name_prefix": "",
            "owner_id": "562464429819",
            "revoke_rules_on_delete": false,
            "tags": {
              "name": "web_server1_security_group1",
              "owner": "bazcorp"
            },
            "tags_all": {
              "name": "web_server1_security_group1",
              "owner": "bazcorp"
            },
            "timeouts": null,
            "vpc_id": "vpc-02efd13011957cc31"
          },
          "sensitive_attributes": [],
          "private": "eyJlMmJmYjczMC1lY2FhLTExZTYtOGY4OC0zNDM2M2JjN2M0YzAiOnsiY3JlYXRlIjo2MDAwMDAwMDAwMDAsImRlbGV0ZSI6OTAwMDAwMDAwMDAwfSwic2NoZW1hX3ZlcnNpb24iOiIxIn0=",
          "dependencies": [
            "data.terraform_remote_state.network"
          ]
        }
      ]
    }
  ]
}
